
Microsoft Visual Studio Solution File, Format Version 12.00
# Visual Studio 15
VisualStudioVersion = 15.0.27428.2037
MinimumVisualStudioVersion = 10.0.40219.1
Project("{FAE04EC0-301F-11D3-BF4B-00C04F79EFBC}") = "Fias", "Fias\Fias.csproj", "{2B59F39B-84CF-4A7F-9C4B-84AE75196883}"
EndProject
Project("{FAE04EC0-301F-11D3-BF4B-00C04F79EFBC}") = "DatabaseAPI", "DatabaseAPI\DatabaseAPI.csproj", "{1C5D7341-34EC-4C58-B85B-A6DBF955BF1B}"
EndProject
Global
	GlobalSection(SolutionConfigurationPlatforms) = preSolution
		Debug|Any CPU = Debug|Any CPU
		Release|Any CPU = Release|Any CPU
	EndGlobalSection
	GlobalSection(ProjectConfigurationPlatforms) = postSolution
		{2B59F39B-84CF-4A7F-9C4B-84AE75196883}.Debug|Any CPU.ActiveCfg = Debug|Any CPU
		{2B59F39B-84CF-4A7F-9C4B-84AE75196883}.Debug|Any CPU.Build.0 = Debug|Any CPU
		{2B59F39B-84CF-4A7F-9C4B-84AE75196883}.Release|Any CPU.ActiveCfg = Release|Any CPU
		{2B59F39B-84CF-4A7F-9C4B-84AE75196883}.Release|Any CPU.Build.0 = Release|Any CPU
		{1C5D7341-34EC-4C58-B85B-A6DBF955BF1B}.Debug|Any CPU.ActiveCfg = Debug|Any CPU
		{1C5D7341-34EC-4C58-B85B-A6DBF955BF1B}.Debug|Any CPU.Build.0 = Debug|Any CPU
		{1C5D7341-34EC-4C58-B85B-A6DBF955BF1B}.Release|Any CPU.ActiveCfg = Release|Any CPU
		{1C5D7341-34EC-4C58-B85B-A6DBF955BF1B}.Release|Any CPU.Build.0 = Release|Any CPU
	EndGlobalSection
	GlobalSection(SolutionProperties) = preSolution
		HideSolutionNode = FALSE
	EndGlobalSection
	GlobalSection(ExtensibilityGlobals) = postSolution
		SolutionGuid = {82865EF9-9FFB-4A3A-A021-86E8C1ADE17F}
	EndGlobalSection
EndGlobal
